
Microsoft Visual Studio Solution File, Format Version 12.00
# Visual Studio Version 16
VisualStudioVersion = 16.0.32126.315
MinimumVisualStudioVersion = 10.0.40219.1
Project("{159641D6-6404-4A2A-AE62-294DE0FE8301}") = "Organisation_Load", "Organisation_Load\Organisation_Load.dtproj", "{5A668C2F-DB80-4A19-9D33-57951C05142F}"
EndProject
Global
	GlobalSection(SolutionConfigurationPlatforms) = preSolution
		Development|Default = Development|Default
	EndGlobalSection
	GlobalSection(ProjectConfigurationPlatforms) = postSolution
		{5A668C2F-DB80-4A19-9D33-57951C05142F}.Development|Default.ActiveCfg = Development
		{5A668C2F-DB80-4A19-9D33-57951C05142F}.Development|Default.Build.0 = Development
	EndGlobalSection
	GlobalSection(SolutionProperties) = preSolution
		HideSolutionNode = FALSE
	EndGlobalSection
	GlobalSection(ExtensibilityGlobals) = postSolution
		SolutionGuid = {B6ABC5FF-CBA0-45CE-B164-892EBC1C9702}
	EndGlobalSection
EndGlobal
